
Microsoft Visual Studio Solution File, Format Version 12.00
Project("{FAE04EC0-301F-11D3-BF4B-00C04F79EFBC}") = "TarkovAssistantTelegramBot", "TarkovAssistantTelegramBot\TarkovAssistantTelegramBot.csproj", "{91689D00-B161-4649-9C23-CDBFBDE59866}"
EndProject
Project("{FAE04EC0-301F-11D3-BF4B-00C04F79EFBC}") = "TelegramBotWrapper", "TelegramBotWrapper\TelegramBotWrapper.csproj", "{5A25F549-6BD7-4510-9DE7-51F017AAB8E2}"
EndProject
Global
	GlobalSection(SolutionConfigurationPlatforms) = preSolution
		Debug|Any CPU = Debug|Any CPU
		Release|Any CPU = Release|Any CPU
	EndGlobalSection
	GlobalSection(ProjectConfigurationPlatforms) = postSolution
		{91689D00-B161-4649-9C23-CDBFBDE59866}.Debug|Any CPU.ActiveCfg = Debug|Any CPU
		{91689D00-B161-4649-9C23-CDBFBDE59866}.Debug|Any CPU.Build.0 = Debug|Any CPU
		{91689D00-B161-4649-9C23-CDBFBDE59866}.Release|Any CPU.ActiveCfg = Release|Any CPU
		{91689D00-B161-4649-9C23-CDBFBDE59866}.Release|Any CPU.Build.0 = Release|Any CPU
		{5A25F549-6BD7-4510-9DE7-51F017AAB8E2}.Debug|Any CPU.ActiveCfg = Debug|Any CPU
		{5A25F549-6BD7-4510-9DE7-51F017AAB8E2}.Debug|Any CPU.Build.0 = Debug|Any CPU
		{5A25F549-6BD7-4510-9DE7-51F017AAB8E2}.Release|Any CPU.ActiveCfg = Release|Any CPU
		{5A25F549-6BD7-4510-9DE7-51F017AAB8E2}.Release|Any CPU.Build.0 = Release|Any CPU
	EndGlobalSection
EndGlobal
